
Microsoft Visual Studio Solution File, Format Version 11.00
# Visual Studio 2010
Project("{FAE04EC0-301F-11D3-BF4B-00C04F79EFBC}") = "Web", "Web\Web.csproj", "{31EC65AF-A4D6-4EF3-98C1-60AC9BFB5CD8}"
EndProject
Project("{FAE04EC0-301F-11D3-BF4B-00C04F79EFBC}") = "EF", "EF\EF.csproj", "{4B93EF90-8EC8-462A-91B5-B537EAD5C3C0}"
EndProject
Project("{FAE04EC0-301F-11D3-BF4B-00C04F79EFBC}") = "Injection", "Injection\Injection.csproj", "{54A9C2CC-9266-47D4-9F94-9D92B8370024}"
EndProject
Project("{FAE04EC0-301F-11D3-BF4B-00C04F79EFBC}") = "Poco", "Poco\Poco.csproj", "{DDFA1F60-3A1E-42BD-AD5C-64E5F5CCDEEE}"
EndProject
Project("{FAE04EC0-301F-11D3-BF4B-00C04F79EFBC}") = "Interface", "Interface\Interface.csproj", "{524B3A46-76B0-41CE-AD35-2B1BEEB19968}"
EndProject
Project("{FAE04EC0-301F-11D3-BF4B-00C04F79EFBC}") = "Business", "Business\Business.csproj", "{7E5029F0-6823-4253-A107-A9C4154E7FAD}"
EndProject
Project("{FAE04EC0-301F-11D3-BF4B-00C04F79EFBC}") = "Common", "Common\Common.csproj", "{1D926C61-B1CC-48BC-93AA-3F52D05B8FD0}"
EndProject
Project("{FAE04EC0-301F-11D3-BF4B-00C04F79EFBC}") = "AcceptanceServer", "AcceptanceServer\AcceptanceServer.csproj", "{C8D95CDF-D016-47A4-B2AE-82DA74B05C55}"
EndProject
Project("{FAE04EC0-301F-11D3-BF4B-00C04F79EFBC}") = "MvcPager", "MvcPager\MvcPager.csproj", "{11FAED02-B907-40B7-B9F4-0C471ED9781D}"
EndProject
Project("{2150E333-8FDC-42A3-9474-1A3956D46DE8}") = "TaskPlan", "TaskPlan", "{CC04025F-6351-4007-8D78-482209B32E82}"
EndProject
Project("{FAE04EC0-301F-11D3-BF4B-00C04F79EFBC}") = "FinishORder", "FinishORder\FinishORder.csproj", "{8CBA02AA-FF14-472C-ADD2-C75F9832C16A}"
EndProject
Project("{FAE04EC0-301F-11D3-BF4B-00C04F79EFBC}") = "SetTaskStatus", "FinishTask\SetTaskStatus.csproj", "{D7E5574B-F1A4-4B74-B2FA-DF82F4A78794}"
EndProject
Project("{2150E333-8FDC-42A3-9474-1A3956D46DE8}") = "SMS", "SMS", "{852BDA83-BDD7-4AF1-A335-C50036996E40}"
EndProject
Project("{FAE04EC0-301F-11D3-BF4B-00C04F79EFBC}") = "SMS_Server", "SMS_Server\SMS_Server.csproj", "{956C5EA8-AB58-41DB-9953-A1DC6C5A5300}"
EndProject
Project("{FAE04EC0-301F-11D3-BF4B-00C04F79EFBC}") = "MicroSite", "MicroSite\MicroSite.csproj", "{34C6117D-21B1-4498-89FA-47BD6C1C2393}"
EndProject
Project("{2150E333-8FDC-42A3-9474-1A3956D46DE8}") = "MicroSiteProject", "MicroSiteProject", "{3CFFA291-AFF3-4C5C-9D3F-CF3315EF8ADC}"
EndProject
Project("{FAE04EC0-301F-11D3-BF4B-00C04F79EFBC}") = "MicroSite_EF", "MicroSite_EF\MicroSite_EF.csproj", "{6888BF32-4568-42DE-BE1E-CE55EF83FF16}"
EndProject
Project("{FAE04EC0-301F-11D3-BF4B-00C04F79EFBC}") = "EFPoco", "EFPoco\EFPoco.csproj", "{389D5177-A475-41D1-9961-577DDED3170B}"
EndProject
Project("{FAE04EC0-301F-11D3-BF4B-00C04F79EFBC}") = "MicroSite_Web", "MicroSite_Web\MicroSite_Web.csproj", "{1AF2CA41-0F77-4B82-8979-CFDE828B39C7}"
EndProject
Global
	GlobalSection(SolutionConfigurationPlatforms) = preSolution
		Debug|Any CPU = Debug|Any CPU
		Debug|Mixed Platforms = Debug|Mixed Platforms
		Debug|x86 = Debug|x86
		Release|Any CPU = Release|Any CPU
		Release|Mixed Platforms = Release|Mixed Platforms
		Release|x86 = Release|x86
	EndGlobalSection
	GlobalSection(ProjectConfigurationPlatforms) = postSolution
		{31EC65AF-A4D6-4EF3-98C1-60AC9BFB5CD8}.Debug|Any CPU.ActiveCfg = Debug|Any CPU
		{31EC65AF-A4D6-4EF3-98C1-60AC9BFB5CD8}.Debug|Any CPU.Build.0 = Debug|Any CPU
		{31EC65AF-A4D6-4EF3-98C1-60AC9BFB5CD8}.Debug|Mixed Platforms.ActiveCfg = Debug|Any CPU
		{31EC65AF-A4D6-4EF3-98C1-60AC9BFB5CD8}.Debug|Mixed Platforms.Build.0 = Debug|Any CPU
		{31EC65AF-A4D6-4EF3-98C1-60AC9BFB5CD8}.Debug|x86.ActiveCfg = Debug|Any CPU
		{31EC65AF-A4D6-4EF3-98C1-60AC9BFB5CD8}.Debug|x86.Build.0 = Debug|Any CPU
		{31EC65AF-A4D6-4EF3-98C1-60AC9BFB5CD8}.Release|Any CPU.ActiveCfg = Release|Any CPU
		{31EC65AF-A4D6-4EF3-98C1-60AC9BFB5CD8}.Release|Any CPU.Build.0 = Release|Any CPU
		{31EC65AF-A4D6-4EF3-98C1-60AC9BFB5CD8}.Release|Mixed Platforms.ActiveCfg = Release|Any CPU
		{31EC65AF-A4D6-4EF3-98C1-60AC9BFB5CD8}.Release|Mixed Platforms.Build.0 = Release|Any CPU
		{31EC65AF-A4D6-4EF3-98C1-60AC9BFB5CD8}.Release|x86.ActiveCfg = Release|Any CPU
		{4B93EF90-8EC8-462A-91B5-B537EAD5C3C0}.Debug|Any CPU.ActiveCfg = Debug|Any CPU
		{4B93EF90-8EC8-462A-91B5-B537EAD5C3C0}.Debug|Any CPU.Build.0 = Debug|Any CPU
		{4B93EF90-8EC8-462A-91B5-B537EAD5C3C0}.Debug|Mixed Platforms.ActiveCfg = Debug|Any CPU
		{4B93EF90-8EC8-462A-91B5-B537EAD5C3C0}.Debug|Mixed Platforms.Build.0 = Debug|Any CPU
		{4B93EF90-8EC8-462A-91B5-B537EAD5C3C0}.Debug|x86.ActiveCfg = Debug|Any CPU
		{4B93EF90-8EC8-462A-91B5-B537EAD5C3C0}.Debug|x86.Build.0 = Debug|Any CPU
		{4B93EF90-8EC8-462A-91B5-B537EAD5C3C0}.Release|Any CPU.ActiveCfg = Release|Any CPU
		{4B93EF90-8EC8-462A-91B5-B537EAD5C3C0}.Release|Any CPU.Build.0 = Release|Any CPU
		{4B93EF90-8EC8-462A-91B5-B537EAD5C3C0}.Release|Mixed Platforms.ActiveCfg = Release|Any CPU
		{4B93EF90-8EC8-462A-91B5-B537EAD5C3C0}.Release|Mixed Platforms.Build.0 = Release|Any CPU
		{4B93EF90-8EC8-462A-91B5-B537EAD5C3C0}.Release|x86.ActiveCfg = Release|Any CPU
		{54A9C2CC-9266-47D4-9F94-9D92B8370024}.Debug|Any CPU.ActiveCfg = Debug|Any CPU
		{54A9C2CC-9266-47D4-9F94-9D92B8370024}.Debug|Any CPU.Build.0 = Debug|Any CPU
		{54A9C2CC-9266-47D4-9F94-9D92B8370024}.Debug|Mixed Platforms.ActiveCfg = Debug|Any CPU
		{54A9C2CC-9266-47D4-9F94-9D92B8370024}.Debug|Mixed Platforms.Build.0 = Debug|Any CPU
		{54A9C2CC-9266-47D4-9F94-9D92B8370024}.Debug|x86.ActiveCfg = Debug|Any CPU
		{54A9C2CC-9266-47D4-9F94-9D92B8370024}.Debug|x86.Build.0 = Debug|Any CPU
		{54A9C2CC-9266-47D4-9F94-9D92B8370024}.Release|Any CPU.ActiveCfg = Release|Any CPU
		{54A9C2CC-9266-47D4-9F94-9D92B8370024}.Release|Any CPU.Build.0 = Release|Any CPU
		{54A9C2CC-9266-47D4-9F94-9D92B8370024}.Release|Mixed Platforms.ActiveCfg = Release|Any CPU
		{54A9C2CC-9266-47D4-9F94-9D92B8370024}.Release|Mixed Platforms.Build.0 = Release|Any CPU
		{54A9C2CC-9266-47D4-9F94-9D92B8370024}.Release|x86.ActiveCfg = Release|Any CPU
		{DDFA1F60-3A1E-42BD-AD5C-64E5F5CCDEEE}.Debug|Any CPU.ActiveCfg = Debug|Any CPU
		{DDFA1F60-3A1E-42BD-AD5C-64E5F5CCDEEE}.Debug|Any CPU.Build.0 = Debug|Any CPU
		{DDFA1F60-3A1E-42BD-AD5C-64E5F5CCDEEE}.Debug|Mixed Platforms.ActiveCfg = Debug|Any CPU
		{DDFA1F60-3A1E-42BD-AD5C-64E5F5CCDEEE}.Debug|Mixed Platforms.Build.0 = Debug|Any CPU
		{DDFA1F60-3A1E-42BD-AD5C-64E5F5CCDEEE}.Debug|x86.ActiveCfg = Debug|Any CPU
		{DDFA1F60-3A1E-42BD-AD5C-64E5F5CCDEEE}.Debug|x86.Build.0 = Debug|Any CPU
		{DDFA1F60-3A1E-42BD-AD5C-64E5F5CCDEEE}.Release|Any CPU.ActiveCfg = Release|Any CPU
		{DDFA1F60-3A1E-42BD-AD5C-64E5F5CCDEEE}.Release|Any CPU.Build.0 = Release|Any CPU
		{DDFA1F60-3A1E-42BD-AD5C-64E5F5CCDEEE}.Release|Mixed Platforms.ActiveCfg = Release|Any CPU
		{DDFA1F60-3A1E-42BD-AD5C-64E5F5CCDEEE}.Release|Mixed Platforms.Build.0 = Release|Any CPU
		{DDFA1F60-3A1E-42BD-AD5C-64E5F5CCDEEE}.Release|x86.ActiveCfg = Release|Any CPU
		{524B3A46-76B0-41CE-AD35-2B1BEEB19968}.Debug|Any CPU.ActiveCfg = Debug|Any CPU
		{524B3A46-76B0-41CE-AD35-2B1BEEB19968}.Debug|Any CPU.Build.0 = Debug|Any CPU
		{524B3A46-76B0-41CE-AD35-2B1BEEB19968}.Debug|Mixed Platforms.ActiveCfg = Debug|Any CPU
		{524B3A46-76B0-41CE-AD35-2B1BEEB19968}.Debug|Mixed Platforms.Build.0 = Debug|Any CPU
		{524B3A46-76B0-41CE-AD35-2B1BEEB19968}.Debug|x86.ActiveCfg = Debug|Any CPU
		{524B3A46-76B0-41CE-AD35-2B1BEEB19968}.Debug|x86.Build.0 = Debug|Any CPU
		{524B3A46-76B0-41CE-AD35-2B1BEEB19968}.Release|Any CPU.ActiveCfg = Release|Any CPU
		{524B3A46-76B0-41CE-AD35-2B1BEEB19968}.Release|Any CPU.Build.0 = Release|Any CPU
		{524B3A46-76B0-41CE-AD35-2B1BEEB19968}.Release|Mixed Platforms.ActiveCfg = Release|Any CPU
		{524B3A46-76B0-41CE-AD35-2B1BEEB19968}.Release|Mixed Platforms.Build.0 = Release|Any CPU
		{524B3A46-76B0-41CE-AD35-2B1BEEB19968}.Release|x86.ActiveCfg = Release|Any CPU
		{7E5029F0-6823-4253-A107-A9C4154E7FAD}.Debug|Any CPU.ActiveCfg = Debug|Any CPU
		{7E5029F0-6823-4253-A107-A9C4154E7FAD}.Debug|Any CPU.Build.0 = Debug|Any CPU
		{7E5029F0-6823-4253-A107-A9C4154E7FAD}.Debug|Mixed Platforms.ActiveCfg = Debug|Any CPU
		{7E5029F0-6823-4253-A107-A9C4154E7FAD}.Debug|Mixed Platforms.Build.0 = Debug|Any CPU
		{7E5029F0-6823-4253-A107-A9C4154E7FAD}.Debug|x86.ActiveCfg = Debug|Any CPU
		{7E5029F0-6823-4253-A107-A9C4154E7FAD}.Debug|x86.Build.0 = Debug|Any CPU
		{7E5029F0-6823-4253-A107-A9C4154E7FAD}.Release|Any CPU.ActiveCfg = Release|Any CPU
		{7E5029F0-6823-4253-A107-A9C4154E7FAD}.Release|Any CPU.Build.0 = Release|Any CPU
		{7E5029F0-6823-4253-A107-A9C4154E7FAD}.Release|Mixed Platforms.ActiveCfg = Release|Any CPU
		{7E5029F0-6823-4253-A107-A9C4154E7FAD}.Release|Mixed Platforms.Build.0 = Release|Any CPU
		{7E5029F0-6823-4253-A107-A9C4154E7FAD}.Release|x86.ActiveCfg = Release|Any CPU
		{1D926C61-B1CC-48BC-93AA-3F52D05B8FD0}.Debug|Any CPU.ActiveCfg = Debug|Any CPU
		{1D926C61-B1CC-48BC-93AA-3F52D05B8FD0}.Debug|Any CPU.Build.0 = Debug|Any CPU
		{1D926C61-B1CC-48BC-93AA-3F52D05B8FD0}.Debug|Mixed Platforms.ActiveCfg = Debug|Any CPU
		{1D926C61-B1CC-48BC-93AA-3F52D05B8FD0}.Debug|Mixed Platforms.Build.0 = Debug|Any CPU
		{1D926C61-B1CC-48BC-93AA-3F52D05B8FD0}.Debug|x86.ActiveCfg = Debug|Any CPU
		{1D926C61-B1CC-48BC-93AA-3F52D05B8FD0}.Debug|x86.Build.0 = Debug|Any CPU
		{1D926C61-B1CC-48BC-93AA-3F52D05B8FD0}.Release|Any CPU.ActiveCfg = Release|Any CPU
		{1D926C61-B1CC-48BC-93AA-3F52D05B8FD0}.Release|Any CPU.Build.0 = Release|Any CPU
		{1D926C61-B1CC-48BC-93AA-3F52D05B8FD0}.Release|Mixed Platforms.ActiveCfg = Release|Any CPU
		{1D926C61-B1CC-48BC-93AA-3F52D05B8FD0}.Release|Mixed Platforms.Build.0 = Release|Any CPU
		{1D926C61-B1CC-48BC-93AA-3F52D05B8FD0}.Release|x86.ActiveCfg = Release|Any CPU
		{C8D95CDF-D016-47A4-B2AE-82DA74B05C55}.Debug|Any CPU.ActiveCfg = Debug|Any CPU
		{C8D95CDF-D016-47A4-B2AE-82DA74B05C55}.Debug|Any CPU.Build.0 = Debug|Any CPU
		{C8D95CDF-D016-47A4-B2AE-82DA74B05C55}.Debug|Mixed Platforms.ActiveCfg = Debug|Any CPU
		{C8D95CDF-D016-47A4-B2AE-82DA74B05C55}.Debug|Mixed Platforms.Build.0 = Debug|Any CPU
		{C8D95CDF-D016-47A4-B2AE-82DA74B05C55}.Debug|x86.ActiveCfg = Debug|Any CPU
		{C8D95CDF-D016-47A4-B2AE-82DA74B05C55}.Debug|x86.Build.0 = Debug|Any CPU
		{C8D95CDF-D016-47A4-B2AE-82DA74B05C55}.Release|Any CPU.ActiveCfg = Release|Any CPU
		{C8D95CDF-D016-47A4-B2AE-82DA74B05C55}.Release|Any CPU.Build.0 = Release|Any CPU
		{C8D95CDF-D016-47A4-B2AE-82DA74B05C55}.Release|Mixed Platforms.ActiveCfg = Release|Any CPU
		{C8D95CDF-D016-47A4-B2AE-82DA74B05C55}.Release|Mixed Platforms.Build.0 = Release|Any CPU
		{C8D95CDF-D016-47A4-B2AE-82DA74B05C55}.Release|x86.ActiveCfg = Release|Any CPU
		{11FAED02-B907-40B7-B9F4-0C471ED9781D}.Debug|Any CPU.ActiveCfg = Debug|Any CPU
		{11FAED02-B907-40B7-B9F4-0C471ED9781D}.Debug|Any CPU.Build.0 = Debug|Any CPU
		{11FAED02-B907-40B7-B9F4-0C471ED9781D}.Debug|Mixed Platforms.ActiveCfg = Debug|Any CPU
		{11FAED02-B907-40B7-B9F4-0C471ED9781D}.Debug|Mixed Platforms.Build.0 = Debug|Any CPU
		{11FAED02-B907-40B7-B9F4-0C471ED9781D}.Debug|x86.ActiveCfg = Debug|Any CPU
		{11FAED02-B907-40B7-B9F4-0C471ED9781D}.Release|Any CPU.ActiveCfg = Release|Any CPU
		{11FAED02-B907-40B7-B9F4-0C471ED9781D}.Release|Any CPU.Build.0 = Release|Any CPU
		{11FAED02-B907-40B7-B9F4-0C471ED9781D}.Release|Mixed Platforms.ActiveCfg = Release|Any CPU
		{11FAED02-B907-40B7-B9F4-0C471ED9781D}.Release|Mixed Platforms.Build.0 = Release|Any CPU
		{11FAED02-B907-40B7-B9F4-0C471ED9781D}.Release|x86.ActiveCfg = Release|Any CPU
		{8CBA02AA-FF14-472C-ADD2-C75F9832C16A}.Debug|Any CPU.ActiveCfg = Debug|x86
		{8CBA02AA-FF14-472C-ADD2-C75F9832C16A}.Debug|Mixed Platforms.ActiveCfg = Debug|x86
		{8CBA02AA-FF14-472C-ADD2-C75F9832C16A}.Debug|Mixed Platforms.Build.0 = Debug|x86
		{8CBA02AA-FF14-472C-ADD2-C75F9832C16A}.Debug|x86.ActiveCfg = Debug|x86
		{8CBA02AA-FF14-472C-ADD2-C75F9832C16A}.Debug|x86.Build.0 = Debug|x86
		{8CBA02AA-FF14-472C-ADD2-C75F9832C16A}.Release|Any CPU.ActiveCfg = Release|x86
		{8CBA02AA-FF14-472C-ADD2-C75F9832C16A}.Release|Mixed Platforms.ActiveCfg = Release|x86
		{8CBA02AA-FF14-472C-ADD2-C75F9832C16A}.Release|Mixed Platforms.Build.0 = Release|x86
		{8CBA02AA-FF14-472C-ADD2-C75F9832C16A}.Release|x86.ActiveCfg = Release|x86
		{8CBA02AA-FF14-472C-ADD2-C75F9832C16A}.Release|x86.Build.0 = Release|x86
		{D7E5574B-F1A4-4B74-B2FA-DF82F4A78794}.Debug|Any CPU.ActiveCfg = Debug|x86
		{D7E5574B-F1A4-4B74-B2FA-DF82F4A78794}.Debug|Any CPU.Build.0 = Debug|x86
		{D7E5574B-F1A4-4B74-B2FA-DF82F4A78794}.Debug|Mixed Platforms.ActiveCfg = Debug|x86
		{D7E5574B-F1A4-4B74-B2FA-DF82F4A78794}.Debug|Mixed Platforms.Build.0 = Debug|x86
		{D7E5574B-F1A4-4B74-B2FA-DF82F4A78794}.Debug|x86.ActiveCfg = Debug|x86
		{D7E5574B-F1A4-4B74-B2FA-DF82F4A78794}.Debug|x86.Build.0 = Debug|x86
		{D7E5574B-F1A4-4B74-B2FA-DF82F4A78794}.Release|Any CPU.ActiveCfg = Release|x86
		{D7E5574B-F1A4-4B74-B2FA-DF82F4A78794}.Release|Mixed Platforms.ActiveCfg = Release|x86
		{D7E5574B-F1A4-4B74-B2FA-DF82F4A78794}.Release|Mixed Platforms.Build.0 = Release|x86
		{D7E5574B-F1A4-4B74-B2FA-DF82F4A78794}.Release|x86.ActiveCfg = Release|x86
		{D7E5574B-F1A4-4B74-B2FA-DF82F4A78794}.Release|x86.Build.0 = Release|x86
		{956C5EA8-AB58-41DB-9953-A1DC6C5A5300}.Debug|Any CPU.ActiveCfg = Debug|Any CPU
		{956C5EA8-AB58-41DB-9953-A1DC6C5A5300}.Debug|Any CPU.Build.0 = Debug|Any CPU
		{956C5EA8-AB58-41DB-9953-A1DC6C5A5300}.Debug|Mixed Platforms.ActiveCfg = Debug|Any CPU
		{956C5EA8-AB58-41DB-9953-A1DC6C5A5300}.Debug|Mixed Platforms.Build.0 = Debug|Any CPU
		{956C5EA8-AB58-41DB-9953-A1DC6C5A5300}.Debug|x86.ActiveCfg = Debug|Any CPU
		{956C5EA8-AB58-41DB-9953-A1DC6C5A5300}.Release|Any CPU.ActiveCfg = Release|Any CPU
		{956C5EA8-AB58-41DB-9953-A1DC6C5A5300}.Release|Any CPU.Build.0 = Release|Any CPU
		{956C5EA8-AB58-41DB-9953-A1DC6C5A5300}.Release|Mixed Platforms.ActiveCfg = Release|Any CPU
		{956C5EA8-AB58-41DB-9953-A1DC6C5A5300}.Release|Mixed Platforms.Build.0 = Release|Any CPU
		{956C5EA8-AB58-41DB-9953-A1DC6C5A5300}.Release|x86.ActiveCfg = Release|Any CPU
		{34C6117D-21B1-4498-89FA-47BD6C1C2393}.Debug|Any CPU.ActiveCfg = Debug|Any CPU
		{34C6117D-21B1-4498-89FA-47BD6C1C2393}.Debug|Any CPU.Build.0 = Debug|Any CPU
		{34C6117D-21B1-4498-89FA-47BD6C1C2393}.Debug|Mixed Platforms.ActiveCfg = Debug|Any CPU
		{34C6117D-21B1-4498-89FA-47BD6C1C2393}.Debug|Mixed Platforms.Build.0 = Debug|Any CPU
		{34C6117D-21B1-4498-89FA-47BD6C1C2393}.Debug|x86.ActiveCfg = Debug|Any CPU
		{34C6117D-21B1-4498-89FA-47BD6C1C2393}.Release|Any CPU.ActiveCfg = Release|Any CPU
		{34C6117D-21B1-4498-89FA-47BD6C1C2393}.Release|Any CPU.Build.0 = Release|Any CPU
		{34C6117D-21B1-4498-89FA-47BD6C1C2393}.Release|Mixed Platforms.ActiveCfg = Release|Any CPU
		{34C6117D-21B1-4498-89FA-47BD6C1C2393}.Release|Mixed Platforms.Build.0 = Release|Any CPU
		{34C6117D-21B1-4498-89FA-47BD6C1C2393}.Release|x86.ActiveCfg = Release|Any CPU
		{6888BF32-4568-42DE-BE1E-CE55EF83FF16}.Debug|Any CPU.ActiveCfg = Debug|Any CPU
		{6888BF32-4568-42DE-BE1E-CE55EF83FF16}.Debug|Any CPU.Build.0 = Debug|Any CPU
		{6888BF32-4568-42DE-BE1E-CE55EF83FF16}.Debug|Mixed Platforms.ActiveCfg = Debug|Any CPU
		{6888BF32-4568-42DE-BE1E-CE55EF83FF16}.Debug|Mixed Platforms.Build.0 = Debug|Any CPU
		{6888BF32-4568-42DE-BE1E-CE55EF83FF16}.Debug|x86.ActiveCfg = Debug|Any CPU
		{6888BF32-4568-42DE-BE1E-CE55EF83FF16}.Release|Any CPU.ActiveCfg = Release|Any CPU
		{6888BF32-4568-42DE-BE1E-CE55EF83FF16}.Release|Any CPU.Build.0 = Release|Any CPU
		{6888BF32-4568-42DE-BE1E-CE55EF83FF16}.Release|Mixed Platforms.ActiveCfg = Release|Any CPU
		{6888BF32-4568-42DE-BE1E-CE55EF83FF16}.Release|Mixed Platforms.Build.0 = Release|Any CPU
		{6888BF32-4568-42DE-BE1E-CE55EF83FF16}.Release|x86.ActiveCfg = Release|Any CPU
		{389D5177-A475-41D1-9961-577DDED3170B}.Debug|Any CPU.ActiveCfg = Debug|Any CPU
		{389D5177-A475-41D1-9961-577DDED3170B}.Debug|Any CPU.Build.0 = Debug|Any CPU
		{389D5177-A475-41D1-9961-577DDED3170B}.Debug|Mixed Platforms.ActiveCfg = Debug|Any CPU
		{389D5177-A475-41D1-9961-577DDED3170B}.Debug|Mixed Platforms.Build.0 = Debug|Any CPU
		{389D5177-A475-41D1-9961-577DDED3170B}.Debug|x86.ActiveCfg = Debug|Any CPU
		{389D5177-A475-41D1-9961-577DDED3170B}.Release|Any CPU.ActiveCfg = Release|Any CPU
		{389D5177-A475-41D1-9961-577DDED3170B}.Release|Any CPU.Build.0 = Release|Any CPU
		{389D5177-A475-41D1-9961-577DDED3170B}.Release|Mixed Platforms.ActiveCfg = Release|Any CPU
		{389D5177-A475-41D1-9961-577DDED3170B}.Release|Mixed Platforms.Build.0 = Release|Any CPU
		{389D5177-A475-41D1-9961-577DDED3170B}.Release|x86.ActiveCfg = Release|Any CPU
		{1AF2CA41-0F77-4B82-8979-CFDE828B39C7}.Debug|Any CPU.ActiveCfg = Debug|Any CPU
		{1AF2CA41-0F77-4B82-8979-CFDE828B39C7}.Debug|Any CPU.Build.0 = Debug|Any CPU
		{1AF2CA41-0F77-4B82-8979-CFDE828B39C7}.Debug|Mixed Platforms.ActiveCfg = Debug|Any CPU
		{1AF2CA41-0F77-4B82-8979-CFDE828B39C7}.Debug|Mixed Platforms.Build.0 = Debug|Any CPU
		{1AF2CA41-0F77-4B82-8979-CFDE828B39C7}.Debug|x86.ActiveCfg = Debug|Any CPU
		{1AF2CA41-0F77-4B82-8979-CFDE828B39C7}.Release|Any CPU.ActiveCfg = Release|Any CPU
		{1AF2CA41-0F77-4B82-8979-CFDE828B39C7}.Release|Any CPU.Build.0 = Release|Any CPU
		{1AF2CA41-0F77-4B82-8979-CFDE828B39C7}.Release|Mixed Platforms.ActiveCfg = Release|Any CPU
		{1AF2CA41-0F77-4B82-8979-CFDE828B39C7}.Release|Mixed Platforms.Build.0 = Release|Any CPU
		{1AF2CA41-0F77-4B82-8979-CFDE828B39C7}.Release|x86.ActiveCfg = Release|Any CPU
	EndGlobalSection
	GlobalSection(SolutionProperties) = preSolution
		HideSolutionNode = FALSE
	EndGlobalSection
	GlobalSection(NestedProjects) = preSolution
		{8CBA02AA-FF14-472C-ADD2-C75F9832C16A} = {CC04025F-6351-4007-8D78-482209B32E82}
		{D7E5574B-F1A4-4B74-B2FA-DF82F4A78794} = {CC04025F-6351-4007-8D78-482209B32E82}
		{956C5EA8-AB58-41DB-9953-A1DC6C5A5300} = {852BDA83-BDD7-4AF1-A335-C50036996E40}
		{34C6117D-21B1-4498-89FA-47BD6C1C2393} = {3CFFA291-AFF3-4C5C-9D3F-CF3315EF8ADC}
		{6888BF32-4568-42DE-BE1E-CE55EF83FF16} = {3CFFA291-AFF3-4C5C-9D3F-CF3315EF8ADC}
		{1AF2CA41-0F77-4B82-8979-CFDE828B39C7} = {3CFFA291-AFF3-4C5C-9D3F-CF3315EF8ADC}
	EndGlobalSection
EndGlobal
